version: 1.0
shards:
  dotenv:
    github: gdotdesign/cr-dotenv
    version: 0.1.0

  kemal:
    github: kemalcr/kemal
    version: 0.23.0

  kilt:
    github: jeromegn/kilt
    version: 0.4.0

  mocks:
    github: waterlink/mocks.cr
    version: 0.9.5

  radix:
    github: luislavena/radix
    version: 0.3.8

  singleton:
    github: waterlink/singleton.cr
    version: 1.0.0

  spec-kemal:
    github: kemalcr/spec-kemal
    commit: 93ab608228ea6619d15555d1c77a3bcff29f1dba

  timecop:
    github: TobiasGSmollett/timecop.cr
    commit: b916d4eeffc7d77d17fd18d8dbbce6cfe1a6ea16

  webmock:
    github: manastech/webmock.cr
    commit: 7e7e7ff4d00afbb708909e1721e9f9bceddda726

